// !$*UTF8*$!
{
	archiveVersion = 1;
	classes = {
	};
	objectVersion = 56;
	objects = {

/* Begin PBXBuildFile section */
		2E409CA3296DE6A4005534DF /* PopularMoviesCollectionViewController.swift in Sources */ = {isa = PBXBuildFile; fileRef = 2E409CA2296DE6A4005534DF /* PopularMoviesCollectionViewController.swift */; };
		2E409CA5296DEF7B005534DF /* PopularMoviesCustomCell.swift in Sources */ = {isa = PBXBuildFile; fileRef = 2E409CA4296DEF7B005534DF /* PopularMoviesCustomCell.swift */; };
		2E409CA7296FE5A8005534DF /* Museum.swift in Sources */ = {isa = PBXBuildFile; fileRef = 2E409CA6296FE5A8005534DF /* Museum.swift */; };
		2E54F1F4296C309E00B88310 /* TopRatedCollectionViewController.swift in Sources */ = {isa = PBXBuildFile; fileRef = 2E54F1F3296C309E00B88310 /* TopRatedCollectionViewController.swift */; };
		2E54F1F8296C314B00B88310 /* PinterestLayout.swift in Sources */ = {isa = PBXBuildFile; fileRef = 2E54F1F7296C314B00B88310 /* PinterestLayout.swift */; };
		2E7582EF2969D80400D1901F /* AppDelegate.swift in Sources */ = {isa = PBXBuildFile; fileRef = 2E7582EE2969D80400D1901F /* AppDelegate.swift */; };
		2E7582F12969D80400D1901F /* SceneDelegate.swift in Sources */ = {isa = PBXBuildFile; fileRef = 2E7582F02969D80400D1901F /* SceneDelegate.swift */; };
		2E7582F32969D80400D1901F /* SearchTableViewController.swift in Sources */ = {isa = PBXBuildFile; fileRef = 2E7582F22969D80400D1901F /* SearchTableViewController.swift */; };
		2E7582F62969D80400D1901F /* Main.storyboard in Resources */ = {isa = PBXBuildFile; fileRef = 2E7582F42969D80400D1901F /* Main.storyboard */; };
		2E7582F82969D80500D1901F /* Assets.xcassets in Resources */ = {isa = PBXBuildFile; fileRef = 2E7582F72969D80500D1901F /* Assets.xcassets */; };
		2E7582FB2969D80500D1901F /* LaunchScreen.storyboard in Resources */ = {isa = PBXBuildFile; fileRef = 2E7582F92969D80500D1901F /* LaunchScreen.storyboard */; };
		2E7583042969DEC500D1901F /* SearchCustomTableViewCell.swift in Sources */ = {isa = PBXBuildFile; fileRef = 2E7583022969DEC500D1901F /* SearchCustomTableViewCell.swift */; };
		2E7583052969DEC500D1901F /* SearchCustomTableViewCell.xib in Resources */ = {isa = PBXBuildFile; fileRef = 2E7583032969DEC500D1901F /* SearchCustomTableViewCell.xib */; };
		2E75830C296A165A00D1901F /* Movies.swift in Sources */ = {isa = PBXBuildFile; fileRef = 2E75830B296A165A00D1901F /* Movies.swift */; };
/* End PBXBuildFile section */

/* Begin PBXFileReference section */
		2E409CA2296DE6A4005534DF /* PopularMoviesCollectionViewController.swift */ = {isa = PBXFileReference; lastKnownFileType = sourcecode.swift; path = PopularMoviesCollectionViewController.swift; sourceTree = "<group>"; };
		2E409CA4296DEF7B005534DF /* PopularMoviesCustomCell.swift */ = {isa = PBXFileReference; lastKnownFileType = sourcecode.swift; path = PopularMoviesCustomCell.swift; sourceTree = "<group>"; };
		2E409CA6296FE5A8005534DF /* Museum.swift */ = {isa = PBXFileReference; lastKnownFileType = sourcecode.swift; path = Museum.swift; sourceTree = "<group>"; };
		2E54F1F3296C309E00B88310 /* TopRatedCollectionViewController.swift */ = {isa = PBXFileReference; lastKnownFileType = sourcecode.swift; path = TopRatedCollectionViewController.swift; sourceTree = "<group>"; };
		2E54F1F7296C314B00B88310 /* PinterestLayout.swift */ = {isa = PBXFileReference; lastKnownFileType = sourcecode.swift; path = PinterestLayout.swift; sourceTree = "<group>"; };
		2E7582EB2969D80400D1901F /* ImdbAPI-CustomCollectionView.app */ = {isa = PBXFileReference; explicitFileType = wrapper.application; includeInIndex = 0; path = "ImdbAPI-CustomCollectionView.app"; sourceTree = BUILT_PRODUCTS_DIR; };
		2E7582EE2969D80400D1901F /* AppDelegate.swift */ = {isa = PBXFileReference; lastKnownFileType = sourcecode.swift; path = AppDelegate.swift; sourceTree = "<group>"; };
		2E7582F02969D80400D1901F /* SceneDelegate.swift */ = {isa = PBXFileReference; lastKnownFileType = sourcecode.swift; path = SceneDelegate.swift; sourceTree = "<group>"; };
		2E7582F22969D80400D1901F /* SearchTableViewController.swift */ = {isa = PBXFileReference; lastKnownFileType = sourcecode.swift; path = SearchTableViewController.swift; sourceTree = "<group>"; };
		2E7582F52969D80400D1901F /* Base */ = {isa = PBXFileReference; lastKnownFileType = file.storyboard; name = Base; path = Base.lproj/Main.storyboard; sourceTree = "<group>"; };
		2E7582F72969D80500D1901F /* Assets.xcassets */ = {isa = PBXFileReference; lastKnownFileType = folder.assetcatalog; path = Assets.xcassets; sourceTree = "<group>"; };
		2E7582FA2969D80500D1901F /* Base */ = {isa = PBXFileReference; lastKnownFileType = file.storyboard; name = Base; path = Base.lproj/LaunchScreen.storyboard; sourceTree = "<group>"; };
		2E7582FC2969D80500D1901F /* Info.plist */ = {isa = PBXFileReference; lastKnownFileType = text.plist.xml; path = Info.plist; sourceTree = "<group>"; };
		2E7583022969DEC500D1901F /* SearchCustomTableViewCell.swift */ = {isa = PBXFileReference; lastKnownFileType = sourcecode.swift; path = SearchCustomTableViewCell.swift; sourceTree = "<group>"; };
		2E7583032969DEC500D1901F /* SearchCustomTableViewCell.xib */ = {isa = PBXFileReference; lastKnownFileType = file.xib; path = SearchCustomTableViewCell.xib; sourceTree = "<group>"; };
		2E75830B296A165A00D1901F /* Movies.swift */ = {isa = PBXFileReference; lastKnownFileType = sourcecode.swift; path = Movies.swift; sourceTree = "<group>"; };
/* End PBXFileReference section */

/* Begin PBXFrameworksBuildPhase section */
		2E7582E82969D80400D1901F /* Frameworks */ = {
			isa = PBXFrameworksBuildPhase;
			buildActionMask = 2147483647;
			files = (
			);
			runOnlyForDeploymentPostprocessing = 0;
		};
/* End PBXFrameworksBuildPhase section */

/* Begin PBXGroup section */
		2E409CAA2970236A005534DF /* PinterestLayout */ = {
			isa = PBXGroup;
			children = (
				2E54F1F7296C314B00B88310 /* PinterestLayout.swift */,
			);
			path = PinterestLayout;
			sourceTree = "<group>";
		};
		2E52584B296C026400FEB46C /* Model */ = {
			isa = PBXGroup;
			children = (
				2E75830B296A165A00D1901F /* Movies.swift */,
				2E409CA6296FE5A8005534DF /* Museum.swift */,
				2E52584E296C02BF00FEB46C /* ViewController */,
			);
			path = Model;
			sourceTree = "<group>";
		};
		2E52584C296C027600FEB46C /* SearchCustomTableViewCell */ = {
			isa = PBXGroup;
			children = (
				2E7583022969DEC500D1901F /* SearchCustomTableViewCell.swift */,
				2E7583032969DEC500D1901F /* SearchCustomTableViewCell.xib */,
			);
			path = SearchCustomTableViewCell;
			sourceTree = "<group>";
		};
		2E52584D296C029C00FEB46C /* View */ = {
			isa = PBXGroup;
			children = (
				2E409CAA2970236A005534DF /* PinterestLayout */,
				2E52584C296C027600FEB46C /* SearchCustomTableViewCell */,
			);
			path = View;
			sourceTree = "<group>";
		};
		2E52584E296C02BF00FEB46C /* ViewController */ = {
			isa = PBXGroup;
			children = (
				2E54F1F2296C2FED00B88310 /* TopRatedMoviesViewController */,
				2E54F1F1296C2FD100B88310 /* PopularMoviesViewController */,
				2E54F1F0296C2F0F00B88310 /* SearchTableViewController */,
				2E7582EE2969D80400D1901F /* AppDelegate.swift */,
				2E7582F02969D80400D1901F /* SceneDelegate.swift */,
			);
			path = ViewController;
			sourceTree = "<group>";
		};
		2E54F1F0296C2F0F00B88310 /* SearchTableViewController */ = {
			isa = PBXGroup;
			children = (
				2E7582F22969D80400D1901F /* SearchTableViewController.swift */,
			);
			path = SearchTableViewController;
			sourceTree = "<group>";
		};
		2E54F1F1296C2FD100B88310 /* PopularMoviesViewController */ = {
			isa = PBXGroup;
			children = (
				2E409CA2296DE6A4005534DF /* PopularMoviesCollectionViewController.swift */,
				2E409CA4296DEF7B005534DF /* PopularMoviesCustomCell.swift */,
			);
			path = PopularMoviesViewController;
			sourceTree = "<group>";
		};
		2E54F1F2296C2FED00B88310 /* TopRatedMoviesViewController */ = {
			isa = PBXGroup;
			children = (
				2E54F1F3296C309E00B88310 /* TopRatedCollectionViewController.swift */,
			);
			path = TopRatedMoviesViewController;
			sourceTree = "<group>";
		};
		2E7582E22969D80400D1901F = {
			isa = PBXGroup;
			children = (
				2E7582ED2969D80400D1901F /* ImdbAPI-CustomCollectionView */,
				2E7582EC2969D80400D1901F /* Products */,
			);
			sourceTree = "<group>";
		};
		2E7582EC2969D80400D1901F /* Products */ = {
			isa = PBXGroup;
			children = (
				2E7582EB2969D80400D1901F /* ImdbAPI-CustomCollectionView.app */,
			);
			name = Products;
			sourceTree = "<group>";
		};
		2E7582ED2969D80400D1901F /* ImdbAPI-CustomCollectionView */ = {
			isa = PBXGroup;
			children = (
				2E52584D296C029C00FEB46C /* View */,
				2E52584B296C026400FEB46C /* Model */,
				2E7582F42969D80400D1901F /* Main.storyboard */,
				2E7582F72969D80500D1901F /* Assets.xcassets */,
				2E7582F92969D80500D1901F /* LaunchScreen.storyboard */,
				2E7582FC2969D80500D1901F /* Info.plist */,
			);
			path = "ImdbAPI-CustomCollectionView";
			sourceTree = "<group>";
		};
/* End PBXGroup section */

/* Begin PBXNativeTarget section */
		2E7582EA2969D80400D1901F /* ImdbAPI-CustomCollectionView */ = {
			isa = PBXNativeTarget;
			buildConfigurationList = 2E7582FF2969D80500D1901F /* Build configuration list for PBXNativeTarget "ImdbAPI-CustomCollectionView" */;
			buildPhases = (
				2E7582E72969D80400D1901F /* Sources */,
				2E7582E82969D80400D1901F /* Frameworks */,
				2E7582E92969D80400D1901F /* Resources */,
			);
			buildRules = (
			);
			dependencies = (
			);
			name = "ImdbAPI-CustomCollectionView";
			productName = "ImdbAPI-CustomCollectionView";
			productReference = 2E7582EB2969D80400D1901F /* ImdbAPI-CustomCollectionView.app */;
			productType = "com.apple.product-type.application";
		};
/* End PBXNativeTarget section */

/* Begin PBXProject section */
		2E7582E32969D80400D1901F /* Project object */ = {
			isa = PBXProject;
			attributes = {
				BuildIndependentTargetsInParallel = 1;
				LastSwiftUpdateCheck = 1420;
				LastUpgradeCheck = 1420;
				TargetAttributes = {
					2E7582EA2969D80400D1901F = {
						CreatedOnToolsVersion = 14.2;
					};
				};
			};
			buildConfigurationList = 2E7582E62969D80400D1901F /* Build configuration list for PBXProject "ImdbAPI-CustomCollectionView" */;
			compatibilityVersion = "Xcode 14.0";
			developmentRegion = en;
			hasScannedForEncodings = 0;
			knownRegions = (
				en,
				Base,
			);
			mainGroup = 2E7582E22969D80400D1901F;
			productRefGroup = 2E7582EC2969D80400D1901F /* Products */;
			projectDirPath = "";
			projectRoot = "";
			targets = (
				2E7582EA2969D80400D1901F /* ImdbAPI-CustomCollectionView */,
			);
		};
/* End PBXProject section */

/* Begin PBXResourcesBuildPhase section */
		2E7582E92969D80400D1901F /* Resources */ = {
			isa = PBXResourcesBuildPhase;
			buildActionMask = 2147483647;
			files = (
				2E7582FB2969D80500D1901F /* LaunchScreen.storyboard in Resources */,
				2E7582F82969D80500D1901F /* Assets.xcassets in Resources */,
				2E7583052969DEC500D1901F /* SearchCustomTableViewCell.xib in Resources */,
				2E7582F62969D80400D1901F /* Main.storyboard in Resources */,
			);
			runOnlyForDeploymentPostprocessing = 0;
		};
/* End PBXResourcesBuildPhase section */

/* Begin PBXSourcesBuildPhase section */
		2E7582E72969D80400D1901F /* Sources */ = {
			isa = PBXSourcesBuildPhase;
			buildActionMask = 2147483647;
			files = (
				2E75830C296A165A00D1901F /* Movies.swift in Sources */,
				2E54F1F4296C309E00B88310 /* TopRatedCollectionViewController.swift in Sources */,
				2E7582F32969D80400D1901F /* SearchTableViewController.swift in Sources */,
				2E409CA5296DEF7B005534DF /* PopularMoviesCustomCell.swift in Sources */,
				2E7582EF2969D80400D1901F /* AppDelegate.swift in Sources */,
				2E7583042969DEC500D1901F /* SearchCustomTableViewCell.swift in Sources */,
				2E7582F12969D80400D1901F /* SceneDelegate.swift in Sources */,
				2E54F1F8296C314B00B88310 /* PinterestLayout.swift in Sources */,
				2E409CA3296DE6A4005534DF /* PopularMoviesCollectionViewController.swift in Sources */,
				2E409CA7296FE5A8005534DF /* Museum.swift in Sources */,
			);
			runOnlyForDeploymentPostprocessing = 0;
		};
/* End PBXSourcesBuildPhase section */

/* Begin PBXVariantGroup section */
		2E7582F42969D80400D1901F /* Main.storyboard */ = {
			isa = PBXVariantGroup;
			children = (
				2E7582F52969D80400D1901F /* Base */,
			);
			name = Main.storyboard;
			sourceTree = "<group>";
		};
		2E7582F92969D80500D1901F /* LaunchScreen.storyboard */ = {
			isa = PBXVariantGroup;
			children = (
				2E7582FA2969D80500D1901F /* Base */,
			);
			name = LaunchScreen.storyboard;
			sourceTree = "<group>";
		};
/* End PBXVariantGroup section */

/* Begin XCBuildConfiguration section */
		2E7582FD2969D80500D1901F /* Debug */ = {
			isa = XCBuildConfiguration;
			buildSettings = {
				ALWAYS_SEARCH_USER_PATHS = NO;
				CLANG_ANALYZER_NONNULL = YES;
				CLANG_ANALYZER_NUMBER_OBJECT_CONVERSION = YES_AGGRESSIVE;
				CLANG_CXX_LANGUAGE_STANDARD = "gnu++20";
				CLANG_ENABLE_MODULES = YES;
				CLANG_ENABLE_OBJC_ARC = YES;
				CLANG_ENABLE_OBJC_WEAK = YES;
				CLANG_WARN_BLOCK_CAPTURE_AUTORELEASING = YES;
				CLANG_WARN_BOOL_CONVERSION = YES;
				CLANG_WARN_COMMA = YES;
				CLANG_WARN_CONSTANT_CONVERSION = YES;
				CLANG_WARN_DEPRECATED_OBJC_IMPLEMENTATIONS = YES;
				CLANG_WARN_DIRECT_OBJC_ISA_USAGE = YES_ERROR;
				CLANG_WARN_DOCUMENTATION_COMMENTS = YES;
				CLANG_WARN_EMPTY_BODY = YES;
				CLANG_WARN_ENUM_CONVERSION = YES;
				CLANG_WARN_INFINITE_RECURSION = YES;
				CLANG_WARN_INT_CONVERSION = YES;
				CLANG_WARN_NON_LITERAL_NULL_CONVERSION = YES;
				CLANG_WARN_OBJC_IMPLICIT_RETAIN_SELF = YES;
				CLANG_WARN_OBJC_LITERAL_CONVERSION = YES;
				CLANG_WARN_OBJC_ROOT_CLASS = YES_ERROR;
				CLANG_WARN_QUOTED_INCLUDE_IN_FRAMEWORK_HEADER = YES;
				CLANG_WARN_RANGE_LOOP_ANALYSIS = YES;
				CLANG_WARN_STRICT_PROTOTYPES = YES;
				CLANG_WARN_SUSPICIOUS_MOVE = YES;
				CLANG_WARN_UNGUARDED_AVAILABILITY = YES_AGGRESSIVE;
				CLANG_WARN_UNREACHABLE_CODE = YES;
				CLANG_WARN__DUPLICATE_METHOD_MATCH = YES;
				COPY_PHASE_STRIP = NO;
				DEBUG_INFORMATION_FORMAT = dwarf;
				ENABLE_STRICT_OBJC_MSGSEND = YES;
				ENABLE_TESTABILITY = YES;
				GCC_C_LANGUAGE_STANDARD = gnu11;
				GCC_DYNAMIC_NO_PIC = NO;
				GCC_NO_COMMON_BLOCKS = YES;
				GCC_OPTIMIZATION_LEVEL = 0;
				GCC_PREPROCESSOR_DEFINITIONS = (
					"DEBUG=1",
					"$(inherited)",
				);
				GCC_WARN_64_TO_32_BIT_CONVERSION = YES;
				GCC_WARN_ABOUT_RETURN_TYPE = YES_ERROR;
				GCC_WARN_UNDECLARED_SELECTOR = YES;
				GCC_WARN_UNINITIALIZED_AUTOS = YES_AGGRESSIVE;
				GCC_WARN_UNUSED_FUNCTION = YES;
				GCC_WARN_UNUSED_VARIABLE = YES;
				IPHONEOS_DEPLOYMENT_TARGET = 16.2;
				MTL_ENABLE_DEBUG_INFO = INCLUDE_SOURCE;
				MTL_FAST_MATH = YES;
				ONLY_ACTIVE_ARCH = YES;
				SDKROOT = iphoneos;
				SWIFT_ACTIVE_COMPILATION_CONDITIONS = DEBUG;
				SWIFT_OPTIMIZATION_LEVEL = "-Onone";
			};
			name = Debug;
		};
		2E7582FE2969D80500D1901F /* Release */ = {
			isa = XCBuildConfiguration;
			buildSettings = {
				ALWAYS_SEARCH_USER_PATHS = NO;
				CLANG_ANALYZER_NONNULL = YES;
				CLANG_ANALYZER_NUMBER_OBJECT_CONVERSION = YES_AGGRESSIVE;
				CLANG_CXX_LANGUAGE_STANDARD = "gnu++20";
				CLANG_ENABLE_MODULES = YES;
				CLANG_ENABLE_OBJC_ARC = YES;
				CLANG_ENABLE_OBJC_WEAK = YES;
				CLANG_WARN_BLOCK_CAPTURE_AUTORELEASING = YES;
				CLANG_WARN_BOOL_CONVERSION = YES;
				CLANG_WARN_COMMA = YES;
				CLANG_WARN_CONSTANT_CONVERSION = YES;
				CLANG_WARN_DEPRECATED_OBJC_IMPLEMENTATIONS = YES;
				CLANG_WARN_DIRECT_OBJC_ISA_USAGE = YES_ERROR;
				CLANG_WARN_DOCUMENTATION_COMMENTS = YES;
				CLANG_WARN_EMPTY_BODY = YES;
				CLANG_WARN_ENUM_CONVERSION = YES;
				CLANG_WARN_INFINITE_RECURSION = YES;
				CLANG_WARN_INT_CONVERSION = YES;
				CLANG_WARN_NON_LITERAL_NULL_CONVERSION = YES;
				CLANG_WARN_OBJC_IMPLICIT_RETAIN_SELF = YES;
				CLANG_WARN_OBJC_LITERAL_CONVERSION = YES;
				CLANG_WARN_OBJC_ROOT_CLASS = YES_ERROR;
				CLANG_WARN_QUOTED_INCLUDE_IN_FRAMEWORK_HEADER = YES;
				CLANG_WARN_RANGE_LOOP_ANALYSIS = YES;
				CLANG_WARN_STRICT_PROTOTYPES = YES;
				CLANG_WARN_SUSPICIOUS_MOVE = YES;
				CLANG_WARN_UNGUARDED_AVAILABILITY = YES_AGGRESSIVE;
				CLANG_WARN_UNREACHABLE_CODE = YES;
				CLANG_WARN__DUPLICATE_METHOD_MATCH = YES;
				COPY_PHASE_STRIP = NO;
				DEBUG_INFORMATION_FORMAT = "dwarf-with-dsym";
				ENABLE_NS_ASSERTIONS = NO;
				ENABLE_STRICT_OBJC_MSGSEND = YES;
				GCC_C_LANGUAGE_STANDARD = gnu11;
				GCC_NO_COMMON_BLOCKS = YES;
				GCC_WARN_64_TO_32_BIT_CONVERSION = YES;
				GCC_WARN_ABOUT_RETURN_TYPE = YES_ERROR;
				GCC_WARN_UNDECLARED_SELECTOR = YES;
				GCC_WARN_UNINITIALIZED_AUTOS = YES_AGGRESSIVE;
				GCC_WARN_UNUSED_FUNCTION = YES;
				GCC_WARN_UNUSED_VARIABLE = YES;
				IPHONEOS_DEPLOYMENT_TARGET = 16.2;
				MTL_ENABLE_DEBUG_INFO = NO;
				MTL_FAST_MATH = YES;
				SDKROOT = iphoneos;
				SWIFT_COMPILATION_MODE = wholemodule;
				SWIFT_OPTIMIZATION_LEVEL = "-O";
				VALIDATE_PRODUCT = YES;
			};
			name = Release;
		};
		2E7583002969D80500D1901F /* Debug */ = {
			isa = XCBuildConfiguration;
			buildSettings = {
				ASSETCATALOG_COMPILER_APPICON_NAME = AppIcon;
				ASSETCATALOG_COMPILER_GLOBAL_ACCENT_COLOR_NAME = AccentColor;
				CODE_SIGN_STYLE = Automatic;
				CURRENT_PROJECT_VERSION = 1;
				DEVELOPMENT_TEAM = 34GKX882TW;
				GENERATE_INFOPLIST_FILE = YES;
				INFOPLIST_FILE = "ImdbAPI-CustomCollectionView/Info.plist";
				INFOPLIST_KEY_UIApplicationSupportsIndirectInputEvents = YES;
				INFOPLIST_KEY_UILaunchStoryboardName = LaunchScreen;
				INFOPLIST_KEY_UIMainStoryboardFile = Main;
				INFOPLIST_KEY_UISupportedInterfaceOrientations_iPad = "UIInterfaceOrientationPortrait UIInterfaceOrientationPortraitUpsideDown UIInterfaceOrientationLandscapeLeft UIInterfaceOrientationLandscapeRight";
				INFOPLIST_KEY_UISupportedInterfaceOrientations_iPhone = "UIInterfaceOrientationPortrait UIInterfaceOrientationLandscapeLeft UIInterfaceOrientationLandscapeRight";
				LD_RUNPATH_SEARCH_PATHS = (
					"$(inherited)",
					"@executable_path/Frameworks",
				);
				MARKETING_VERSION = 1.0;
				PRODUCT_BUNDLE_IDENTIFIER = "com.muhammedgul.ImdbAPI-CustomCollectionView";
				PRODUCT_NAME = "$(TARGET_NAME)";
				SWIFT_EMIT_LOC_STRINGS = YES;
				SWIFT_VERSION = 5.0;
				TARGETED_DEVICE_FAMILY = "1,2";
			};
			name = Debug;
		};
		2E7583012969D80500D1901F /* Release */ = {
			isa = XCBuildConfiguration;
			buildSettings = {
				ASSETCATALOG_COMPILER_APPICON_NAME = AppIcon;
				ASSETCATALOG_COMPILER_GLOBAL_ACCENT_COLOR_NAME = AccentColor;
				CODE_SIGN_STYLE = Automatic;
				CURRENT_PROJECT_VERSION = 1;
				DEVELOPMENT_TEAM = 34GKX882TW;
				GENERATE_INFOPLIST_FILE = YES;
				INFOPLIST_FILE = "ImdbAPI-CustomCollectionView/Info.plist";
				INFOPLIST_KEY_UIApplicationSupportsIndirectInputEvents = YES;
				INFOPLIST_KEY_UILaunchStoryboardName = LaunchScreen;
				INFOPLIST_KEY_UIMainStoryboardFile = Main;
				INFOPLIST_KEY_UISupportedInterfaceOrientations_iPad = "UIInterfaceOrientationPortrait UIInterfaceOrientationPortraitUpsideDown UIInterfaceOrientationLandscapeLeft UIInterfaceOrientationLandscapeRight";
				INFOPLIST_KEY_UISupportedInterfaceOrientations_iPhone = "UIInterfaceOrientationPortrait UIInterfaceOrientationLandscapeLeft UIInterfaceOrientationLandscapeRight";
				LD_RUNPATH_SEARCH_PATHS = (
					"$(inherited)",
					"@executable_path/Frameworks",
				);
				MARKETING_VERSION = 1.0;
				PRODUCT_BUNDLE_IDENTIFIER = "com.muhammedgul.ImdbAPI-CustomCollectionView";
				PRODUCT_NAME = "$(TARGET_NAME)";
				SWIFT_EMIT_LOC_STRINGS = YES;
				SWIFT_VERSION = 5.0;
				TARGETED_DEVICE_FAMILY = "1,2";
			};
			name = Release;
		};
/* End XCBuildConfiguration section */

/* Begin XCConfigurationList section */
		2E7582E62969D80400D1901F /* Build configuration list for PBXProject "ImdbAPI-CustomCollectionView" */ = {
			isa = XCConfigurationList;
			buildConfigurations = (
				2E7582FD2969D80500D1901F /* Debug */,
				2E7582FE2969D80500D1901F /* Release */,
			);
			defaultConfigurationIsVisible = 0;
			defaultConfigurationName = Release;
		};
		2E7582FF2969D80500D1901F /* Build configuration list for PBXNativeTarget "ImdbAPI-CustomCollectionView" */ = {
			isa = XCConfigurationList;
			buildConfigurations = (
				2E7583002969D80500D1901F /* Debug */,
				2E7583012969D80500D1901F /* Release */,
			);
			defaultConfigurationIsVisible = 0;
			defaultConfigurationName = Release;
		};
/* End XCConfigurationList section */
	};
	rootObject = 2E7582E32969D80400D1901F /* Project object */;
}
